
Microsoft Visual Studio Solution File, Format Version 12.00
# Visual Studio Version 17
VisualStudioVersion = 17.10.35122.118
MinimumVisualStudioVersion = 10.0.40219.1
Project("{F184B08F-C81C-45F6-A57F-5ABD9991F28F}") = "Cuenta_Bancaria", "Cuenta_Bancaria\Cuenta_Bancaria.vbproj", "{99C01C31-9C2F-430D-9DC1-6990140AB1CF}"
EndProject
Global
	GlobalSection(SolutionConfigurationPlatforms) = preSolution
		Debug|Any CPU = Debug|Any CPU
		Release|Any CPU = Release|Any CPU
	EndGlobalSection
	GlobalSection(ProjectConfigurationPlatforms) = postSolution
		{99C01C31-9C2F-430D-9DC1-6990140AB1CF}.Debug|Any CPU.ActiveCfg = Debug|Any CPU
		{99C01C31-9C2F-430D-9DC1-6990140AB1CF}.Debug|Any CPU.Build.0 = Debug|Any CPU
		{99C01C31-9C2F-430D-9DC1-6990140AB1CF}.Release|Any CPU.ActiveCfg = Release|Any CPU
		{99C01C31-9C2F-430D-9DC1-6990140AB1CF}.Release|Any CPU.Build.0 = Release|Any CPU
	EndGlobalSection
	GlobalSection(SolutionProperties) = preSolution
		HideSolutionNode = FALSE
	EndGlobalSection
	GlobalSection(ExtensibilityGlobals) = postSolution
		SolutionGuid = {14D6F3DE-0C89-416E-B13D-FD7F4074FAD5}
	EndGlobalSection
EndGlobal
